<?xml version="1.0" encoding="utf-8"?>
<Project ToolsVersion="4.0" xmlns="http://schemas.microsoft.com/developer/msbuild/2003">
  <ItemGroup>
    <Filter Include="StarPlatinum">
      <UniqueIdentifier>{C99ACE45-B5FD-5DEA-5E83-96A04AC5296D}</UniqueIdentifier>
    </Filter>
  </ItemGroup>
  <ItemGroup>
    <ClInclude Include="src\STARPLATINUM.H" />
    <ClInclude Include="src\StarPlatinum\APPLICATION.H">
      <Filter>StarPlatinum</Filter>
    </ClInclude>
    <ClInclude Include="src\StarPlatinum\Core.h">
      <Filter>StarPlatinum</Filter>
    </ClInclude>
    <ClInclude Include="src\StarPlatinum\ENTRYPOINT.H">
      <Filter>StarPlatinum</Filter>
    </ClInclude>
    <ClInclude Include="src\StarPlatinum\Log.h">
      <Filter>StarPlatinum</Filter>
    </ClInclude>
  </ItemGroup>
  <ItemGroup>
    <ClCompile Include="src\StarPlatinum\Application.cpp">
      <Filter>StarPlatinum</Filter>
    </ClCompile>
    <ClCompile Include="src\StarPlatinum\Log.cpp">
      <Filter>StarPlatinum</Filter>
    </ClCompile>
  </ItemGroup>
</Project>